{
  "name": "mycelium-for-forma",
  "version": "0.1.0",
  "lockfileVersion": 3,
  "requires": true,
  "packages": {
    "": {
      "name": "mycelium-for-forma",
      "version": "0.1.0",
      "license": "Apache-2.0",
      "dependencies": {
        "mycelium-sdk": "file:../../sdk-stub"
      },
      "engines": {
        "node": ">=18"
      }
    },
    "../../sdk-stub": {
      "name": "mycelium-sdk",
      "version": "0.1.0",
      "license": "Apache-2.0"
    },
    "node_modules/mycelium-sdk": {
      "resolved": "../../sdk-stub",
      "link": true
    }
  }
}
